
Microsoft Visual Studio Solution File, Format Version 12.00
# Visual Studio Version 17
VisualStudioVersion = 17.2.32317.152
MinimumVisualStudioVersion = 10.0.40219.1
Project("{FAE04EC0-301F-11D3-BF4B-00C04F79EFBC}") = "Token.HttpHelper", "Token.HttpHelper\Token.HttpHelper.csproj", "{EC46C60A-F832-441F-A0A9-1EE8FB5D486E}"
EndProject
Global
	GlobalSection(SolutionConfigurationPlatforms) = preSolution
		Debug|Any CPU = Debug|Any CPU
		Release|Any CPU = Release|Any CPU
	EndGlobalSection
	GlobalSection(ProjectConfigurationPlatforms) = postSolution
		{EC46C60A-F832-441F-A0A9-1EE8FB5D486E}.Debug|Any CPU.ActiveCfg = Debug|Any CPU
		{EC46C60A-F832-441F-A0A9-1EE8FB5D486E}.Debug|Any CPU.Build.0 = Debug|Any CPU
		{EC46C60A-F832-441F-A0A9-1EE8FB5D486E}.Release|Any CPU.ActiveCfg = Release|Any CPU
		{EC46C60A-F832-441F-A0A9-1EE8FB5D486E}.Release|Any CPU.Build.0 = Release|Any CPU
	EndGlobalSection
	GlobalSection(SolutionProperties) = preSolution
		HideSolutionNode = FALSE
	EndGlobalSection
	GlobalSection(ExtensibilityGlobals) = postSolution
		SolutionGuid = {51D087D7-DBE6-4556-BB14-0FCADBB56D90}
	EndGlobalSection
EndGlobal
